github.com/markettools-ai/poggers v0.0.0-20240529201232-3fbda63a131b h1:zTWCfCjlZSNoXOFwehDAVcycomvP5FwW0OtFydee1lo=
github.com/markettools-ai/poggers v0.0.0-20240529201232-3fbda63a131b/go.mod h1:cR98nrbctGvKD9ewCVSo32xuwLo6pGtzrPa0fIbIgPM=
github.com/markettools-ai/poggers v0.0.0-20240530034903-1decb0ddd328 h1:TQOvL2d2hGe9/8KPeyWOQ5Z674jHhfsKbdYk1nPAvF8=
github.com/markettools-ai/poggers v0.0.0-20240530034903-1decb0ddd328/go.mod h1:cR98nrbctGvKD9ewCVSo32xuwLo6pGtzrPa0fIbIgPM=
github.com/markettools-ai/poggers v0.0.0-20240530035846-330001796a9c h1:pcQ1af+RT8BayO+5h+m85RKNRovxGxeFOogKUWCROWE=
github.com/markettools-ai/poggers v0.0.0-20240530035846-330001796a9c/go.mod h1:cR98nrbctGvKD9ewCVSo32xuwLo6pGtzrPa0fIbIgPM=
github.com/markettools-ai/poggers v0.0.0-20240530234823-5ad916dbd41a h1:863kobOG/DaYPpRvDIaBbM//fveeGrZnnfGKbZSTTAk=
github.com/markettools-ai/poggers v0.0.0-20240530234823-5ad916dbd41a/go.mod h1:cR98nrbctGvKD9ewCVSo32xuwLo6pGtzrPa0fIbIgPM=
github.com/markettools-ai/poggers v0.0.0-20240531011923-75f904bb6967 h1:tzHiDBACG3OkUYOT0lYXYe/NpjopIBxwL+71I87QxEM=
github.com/markettools-ai/poggers v0.0.0-20240531011923-75f904bb6967/go.mod h1:cR98nrbctGvKD9ewCVSo32xuwLo6pGtzrPa0fIbIgPM=
github.com/markettools-ai/poggers v0.0.0-20240531031352-7bed9d35b7af h1:KjWVidVHylgyOEDxiKy3eCnY8t6q3N0MWcvia8aC1Dc=
github.com/markettools-ai/poggers v0.0.0-20240531031352-7bed9d35b7af/go.mod h1:cR98nrbctGvKD9ewCVSo32xuwLo6pGtzrPa0fIbIgPM=
github.com/markettools-ai/poggers v0.0.0-20240531034249-e3faecc4a6be h1:cI+CsrvotLLpc/gEzfCWV2+jn/Rvw1KSNcBgoru8TL8=
github.com/markettools-ai/poggers v0.0.0-20240531034249-e3faecc4a6be/go.mod h1:cR98nrbctGvKD9ewCVSo32xuwLo6pGtzrPa0fIbIgPM=
github.com/markettools-ai/poggers v0.0.0-20240531034938-519dbdacbe30 h1:Z4s8w/zd427jaqCfcZPsR0oYLLI+7iex6r+5gOI8kuQ=
github.com/markettools-ai/poggers v0.0.0-20240531034938-519dbdacbe30/go.mod h1:cR98nrbctGvKD9ewCVSo32xuwLo6pGtzrPa0fIbIgPM=
github.com/markettools-ai/poggers v0.0.0-20240531040746-346144895c8d h1:w7YLgjedA8J++G55ven5nckMzMjTlbKi+fdXnfkRQtQ=
github.com/markettools-ai/poggers v0.0.0-20240531040746-346144895c8d/go.mod h1:cR98nrbctGvKD9ewCVSo32xuwLo6pGtzrPa0fIbIgPM=
github.com/markettools-ai/poggers v0.0.0-20240531041523-3783d78d69d9 h1:CyELFv7kS4Ycs/lDeIfgsEqAFwozwD6Vr+jQuX19Ui4=
github.com/markettools-ai/poggers v0.0.0-20240531041523-3783d78d69d9/go.mod h1:cR98nrbctGvKD9ewCVSo32xuwLo6pGtzrPa0fIbIgPM=
github.com/markettools-ai/poggers v0.0.0-20240531042101-253e9c5341e7 h1:+FodjqnowVsn6tcoL3094SbXhsNz7vie/vq0r53aJHM=
github.com/markettools-ai/poggers v0.0.0-20240531042101-253e9c5341e7/go.mod h1:cR98nrbctGvKD9ewCVSo32xuwLo6pGtzrPa0fIbIgPM=
github.com/markettools-ai/poggers v0.0.0-20240531044958-2257d959494e h1:yTL3YhieMPkUYe3ZSZowy6wsaZawaSqKRZzilej3/P8=
github.com/markettools-ai/poggers v0.0.0-20240531044958-2257d959494e/go.mod h1:cR98nrbctGvKD9ewCVSo32xuwLo6pGtzrPa0fIbIgPM=
github.com/markettools-ai/poggers v0.0.0-20240531045320-95bcab187633 h1:00U5ilYYA1+4BFdBhLS892O9+AoA4oCq/dUpNYCqp5I=
github.com/markettools-ai/poggers v0.0.0-20240531045320-95bcab187633/go.mod h1:cR98nrbctGvKD9ewCVSo32xuwLo6pGtzrPa0fIbIgPM=
github.com/markettools-ai/poggers v0.0.0-20240531052259-ef0f7dff2fd1 h1:KZDx65i4WHMWGrQ+nGYUu9/mCcUc6jnMPaRBy373ryo=
github.com/markettools-ai/poggers v0.0.0-20240531052259-ef0f7dff2fd1/go.mod h1:cR98nrbctGvKD9ewCVSo32xuwLo6pGtzrPa0fIbIgPM=
github.com/markettools-ai/poggers v0.0.0-20240601230223-a5e440916bb1 h1:HCRckuuw6UBuQZdXhYbA2YqsMUZ8FUK3rkmGT0eclGY=
github.com/markettools-ai/poggers v0.0.0-20240601230223-a5e440916bb1/go.mod h1:cR98nrbctGvKD9ewCVSo32xuwLo6pGtzrPa0fIbIgPM=
github.com/sashabaranov/go-openai v1.24.1 h1:DWK95XViNb+agQtuzsn+FyHhn3HQJ7Va8z04DQDJ1MI=
github.com/sashabaranov/go-openai v1.24.1/go.mod h1:lj5b/K+zjTSFxVLijLSTDZuP7adOgerWeFyZLUhAKRg=
